{
  "version": 4,
  "terraform_version": "1.12.1",
  "serial": 28,
  "lineage": "b52c0946-5408-2d5e-f2cf-82ad00d47e8a",
  "outputs": {
    "lambda_role_arn": {
      "value": "arn:aws:iam::605134428663:role/lambda_role",
      "type": "string"
    }
  },
  "resources": [
    {
      "mode": "data",
      "type": "archive_file",
      "name": "zip_the_python_code",
      "provider": "provider[\"registry.terraform.io/hashicorp/archive\"]",
      "instances": [
        {
          "schema_version": 0,
          "attributes": {
            "exclude_symlink_directories": null,
            "excludes": null,
            "id": "f0957468664388d14dcb29aa441a24f0fe648250",
            "output_base64sha256": "u0l1ImnjbiUnW6NFqBucfNdDE4aIZZpPuudIIsTOwGk=",
            "output_base64sha512": "jbGxQZ4Z4sVPm+hEVdJuvps7Nz7a5viHZciPV4TgBYGfLsl8SsGfc8Z2LM3sQBZUUapCyLkFSmda/0S5EyUutA==",
            "output_file_mode": null,
            "output_md5": "366579b5fb6ba6116337ed339f299351",
            "output_path": "./python/hello_python.zip",
            "output_sha": "f0957468664388d14dcb29aa441a24f0fe648250",
            "output_sha256": "bb49752269e36e25275ba345a81b9c7cd743138688659a4fbae74822c4cec069",
            "output_sha512": "8db1b1419e19e2c54f9be84455d26ebe9b3b373edae6f88765c88f5784e005819f2ec97c4ac19f73c6762ccdec40165451aa42c8b9054a675aff44b913252eb4",
            "output_size": 259,
            "source": [],
            "source_content": null,
            "source_content_filename": null,
            "source_dir": null,
            "source_file": "./python/hello_python.py",
            "type": "zip"
          },
          "sensitive_attributes": [],
          "identity_schema_version": 0
        }
      ]
    },
    {
      "mode": "managed",
      "type": "aws_lambda_function",
      "name": "terraform_lambda_func",
      "provider": "provider[\"registry.terraform.io/hashicorp/aws\"]",
      "instances": [
        {
          "schema_version": 0,
          "attributes": {
            "architectures": [
              "x86_64"
            ],
            "arn": "arn:aws:lambda:us-east-1:605134428663:function:Jhooq-Lambda-Function",
            "code_sha256": "HAPq9EReJVEC5gLavtc/gyd5vZtd9eiUGF932t0jBxY=",
            "code_signing_config_arn": "",
            "dead_letter_config": [],
            "description": "",
            "environment": [],
            "ephemeral_storage": [
              {
                "size": 512
              }
            ],
            "file_system_config": [],
            "filename": "./python/hello_python.zip",
            "function_name": "Jhooq-Lambda-Function",
            "handler": "hello_python.lambda_handler",
            "id": "Jhooq-Lambda-Function",
            "image_config": [],
            "image_uri": "",
            "invoke_arn": "arn:aws:apigateway:us-east-1:lambda:path/2015-03-31/functions/arn:aws:lambda:us-east-1:605134428663:function:Jhooq-Lambda-Function/invocations",
            "kms_key_arn": "",
            "last_modified": "2025-05-29T20:34:19.000+0000",
            "layers": [],
            "logging_config": [
              {
                "application_log_level": "",
                "log_format": "Text",
                "log_group": "/aws/lambda/Jhooq-Lambda-Function",
                "system_log_level": ""
              }
            ],
            "memory_size": 128,
            "package_type": "Zip",
            "publish": false,
            "qualified_arn": "arn:aws:lambda:us-east-1:605134428663:function:Jhooq-Lambda-Function:$LATEST",
            "qualified_invoke_arn": "arn:aws:apigateway:us-east-1:lambda:path/2015-03-31/functions/arn:aws:lambda:us-east-1:605134428663:function:Jhooq-Lambda-Function:$LATEST/invocations",
            "replace_security_groups_on_destroy": null,
            "replacement_security_group_ids": null,
            "reserved_concurrent_executions": -1,
            "role": "arn:aws:iam::605134428663:role/lambda_role",
            "runtime": "python3.8",
            "s3_bucket": null,
            "s3_key": null,
            "s3_object_version": null,
            "signing_job_arn": "",
            "signing_profile_version_arn": "",
            "skip_destroy": false,
            "snap_start": [],
            "source_code_hash": "u0l1ImnjbiUnW6NFqBucfNdDE4aIZZpPuudIIsTOwGk=",
            "source_code_size": 299,
            "tags": {},
            "tags_all": {},
            "timeout": 3,
            "timeouts": null,
            "tracing_config": [
              {
                "mode": "PassThrough"
              }
            ],
            "version": "$LATEST",
            "vpc_config": []
          },
          "sensitive_attributes": [],
          "identity_schema_version": 0,
          "private": "eyJlMmJmYjczMC1lY2FhLTExZTYtOGY4OC0zNDM2M2JjN2M0YzAiOnsiY3JlYXRlIjo2MDAwMDAwMDAwMDAsImRlbGV0ZSI6NjAwMDAwMDAwMDAwLCJ1cGRhdGUiOjYwMDAwMDAwMDAwMH19",
          "dependencies": [
            "data.archive_file.zip_the_python_code"
          ]
        }
      ]
    }
  ],
  "check_results": null
}
